// In your actual package.json file (not the lock file)
{
  "name": "fusion-starter",
  // ... other properties
  "scripts": {
    // ❌ REMOVE THIS LINE ENTIRELY: 
    // "postinstall": "pnpm approve-builds", 
    
    "build": "...", 
    "dev": "..."
    // ...
  },
  
  // ✅ ADD THIS BLOCK to approve the ignored dependency(esbuild):
  "pnpm": {
    "onlyBuiltDependencies": [
      "esbuild" 
      // Add any other dependencies listed in the Vercel warning here
    ]
  },
  // ... rest of the file
}